
Microsoft Visual Studio Solution File, Format Version 12.00
# Visual Studio Version 16
VisualStudioVersion = 16.0.29326.143
MinimumVisualStudioVersion = 10.0.40219.1
Project("{FAE04EC0-301F-11D3-BF4B-00C04F79EFBC}") = "Open-Lab-02.5", "Open-Lab-02.5\Open-Lab-02.5.csproj", "{0AB00F5E-78E0-4C62-90C0-1F88A4FB89D2}"
EndProject
Global
	GlobalSection(SolutionConfigurationPlatforms) = preSolution
		Debug|Any CPU = Debug|Any CPU
		Release|Any CPU = Release|Any CPU
	EndGlobalSection
	GlobalSection(ProjectConfigurationPlatforms) = postSolution
		{0AB00F5E-78E0-4C62-90C0-1F88A4FB89D2}.Debug|Any CPU.ActiveCfg = Debug|Any CPU
		{0AB00F5E-78E0-4C62-90C0-1F88A4FB89D2}.Debug|Any CPU.Build.0 = Debug|Any CPU
		{0AB00F5E-78E0-4C62-90C0-1F88A4FB89D2}.Release|Any CPU.ActiveCfg = Release|Any CPU
		{0AB00F5E-78E0-4C62-90C0-1F88A4FB89D2}.Release|Any CPU.Build.0 = Release|Any CPU
	EndGlobalSection
	GlobalSection(SolutionProperties) = preSolution
		HideSolutionNode = FALSE
	EndGlobalSection
	GlobalSection(ExtensibilityGlobals) = postSolution
		SolutionGuid = {883BD439-2B9F-4917-A02B-76B8C204CBE7}
	EndGlobalSection
EndGlobal
